{
  "name": "raf-run",
  "version": "0.0.2",
  "lockfileVersion": 2,
  "requires": true,
  "packages": {
    "": {
      "version": "0.0.2",
      "license": "MIT",
      "dependencies": {
        "json-valid-3k": "^1.2.1",
        "zletils": "^0.0.1-c"
      }
    },
    "node_modules/json-valid-3k": {
      "version": "1.2.1",
      "resolved": "https://registry.npmjs.org/json-valid-3k/-/json-valid-3k-1.2.1.tgz",
      "integrity": "sha512-IS+pzojHIBG1MdsmV19sBXpyb3drLBXor/8I8xL617hALsGigc+u6Vm4HTNkJA61SuSTfClvoUCs8C1jipNj+A==",
      "license": "MIT",
      "dependencies": {
        "zletils": "^0.0.1-c"
      }
    },
    "node_modules/zletils": {
      "version": "0.0.1-c",
      "resolved": "https://registry.npmjs.org/zletils/-/zletils-0.0.1-c.tgz",
      "integrity": "sha512-1SiNo0KMns/7HMLbqclInSICTOK5HEgBCjThcAXmxNo6dhVfk2a+QoazTJS2H3J24nClZHZUAqp6qvjK7jnBdg==",
      "license": "ISC"
    }
  },
  "dependencies": {
    "json-valid-3k": {
      "version": "1.2.1",
      "resolved": "https://registry.npmjs.org/json-valid-3k/-/json-valid-3k-1.2.1.tgz",
      "integrity": "sha512-IS+pzojHIBG1MdsmV19sBXpyb3drLBXor/8I8xL617hALsGigc+u6Vm4HTNkJA61SuSTfClvoUCs8C1jipNj+A==",
      "requires": {
        "zletils": "^0.0.1-c"
      }
    },
    "zletils": {
      "version": "0.0.1-c",
      "resolved": "https://registry.npmjs.org/zletils/-/zletils-0.0.1-c.tgz",
      "integrity": "sha512-1SiNo0KMns/7HMLbqclInSICTOK5HEgBCjThcAXmxNo6dhVfk2a+QoazTJS2H3J24nClZHZUAqp6qvjK7jnBdg=="
    }
  }
}
